// !$*UTF8*$!
{
	archiveVersion = 1;
	classes = {
	};
	objectVersion = 55;
	objects = {

/* Begin PBXBuildFile section */
		26162CA37AF050A0DA649E08 /* Pods_Udemy_Messenger.framework in Frameworks */ = {isa = PBXBuildFile; fileRef = A04EF0B1E8C968AF7EF3924F /* Pods_Udemy_Messenger.framework */; };
		990D8E112871940E00647FCB /* AppDelegate.swift in Sources */ = {isa = PBXBuildFile; fileRef = 990D8E102871940E00647FCB /* AppDelegate.swift */; };
		990D8E132871940E00647FCB /* SceneDelegate.swift in Sources */ = {isa = PBXBuildFile; fileRef = 990D8E122871940E00647FCB /* SceneDelegate.swift */; };
		990D8E1B2871940E00647FCB /* Udemy_Messenger.xcdatamodeld in Sources */ = {isa = PBXBuildFile; fileRef = 990D8E192871940E00647FCB /* Udemy_Messenger.xcdatamodeld */; };
		990D8E1D2871941000647FCB /* Assets.xcassets in Resources */ = {isa = PBXBuildFile; fileRef = 990D8E1C2871941000647FCB /* Assets.xcassets */; };
		990D8E202871941000647FCB /* LaunchScreen.storyboard in Resources */ = {isa = PBXBuildFile; fileRef = 990D8E1E2871941000647FCB /* LaunchScreen.storyboard */; };
		9913772F28719B3000EA8DD6 /* GoogleService-Info.plist in Resources */ = {isa = PBXBuildFile; fileRef = 9913772E28719B3000EA8DD6 /* GoogleService-Info.plist */; };
		99D1987628728FAA003A666D /* LoginPresenter.swift in Sources */ = {isa = PBXBuildFile; fileRef = 99D1987528728FAA003A666D /* LoginPresenter.swift */; };
		99D1987828728FED003A666D /* LoginModel.swift in Sources */ = {isa = PBXBuildFile; fileRef = 99D1987728728FED003A666D /* LoginModel.swift */; };
		99D1987A2872913E003A666D /* Constants.swift in Sources */ = {isa = PBXBuildFile; fileRef = 99D198792872913E003A666D /* Constants.swift */; };
		99D1987D2872998A003A666D /* FbCollectionReference.swift in Sources */ = {isa = PBXBuildFile; fileRef = 99D1987C2872998A003A666D /* FbCollectionReference.swift */; };
		99D1987F28729A3D003A666D /* FbUserListener.swift in Sources */ = {isa = PBXBuildFile; fileRef = 99D1987E28729A3D003A666D /* FbUserListener.swift */; };
		99D198812872ADAD003A666D /* LoginContract.swift in Sources */ = {isa = PBXBuildFile; fileRef = 99D198802872ADAD003A666D /* LoginContract.swift */; };
		99D198882872C411003A666D /* RegisterScreen.swift in Sources */ = {isa = PBXBuildFile; fileRef = 99D198872872C411003A666D /* RegisterScreen.swift */; };
		99D1988A2872CF84003A666D /* RegisterPresenter.swift in Sources */ = {isa = PBXBuildFile; fileRef = 99D198892872CF84003A666D /* RegisterPresenter.swift */; };
		99D1988C2872CF96003A666D /* RegisterContract.swift in Sources */ = {isa = PBXBuildFile; fileRef = 99D1988B2872CF96003A666D /* RegisterContract.swift */; };
		99D198932872D35D003A666D /* Extensions+String.swift in Sources */ = {isa = PBXBuildFile; fileRef = 99D198922872D35D003A666D /* Extensions+String.swift */; };
		99D198952872D770003A666D /* RegisterModel.swift in Sources */ = {isa = PBXBuildFile; fileRef = 99D198942872D770003A666D /* RegisterModel.swift */; };
		99FA4BB72871E8FD00F77CF3 /* Main.storyboard in Resources */ = {isa = PBXBuildFile; fileRef = 99FA4BB62871E8FD00F77CF3 /* Main.storyboard */; };
		99FA4BBA2871E92700F77CF3 /* LoginScreen.swift in Sources */ = {isa = PBXBuildFile; fileRef = 99FA4BB92871E92700F77CF3 /* LoginScreen.swift */; };
		99FA4BBC2871ECD900F77CF3 /* MainStoryboardManager.swift in Sources */ = {isa = PBXBuildFile; fileRef = 99FA4BBB2871ECD900F77CF3 /* MainStoryboardManager.swift */; };
/* End PBXBuildFile section */

/* Begin PBXFileReference section */
		6CB247D3109A78E573CC5F23 /* Pods-Udemy-Messenger.debug.xcconfig */ = {isa = PBXFileReference; includeInIndex = 1; lastKnownFileType = text.xcconfig; name = "Pods-Udemy-Messenger.debug.xcconfig"; path = "Target Support Files/Pods-Udemy-Messenger/Pods-Udemy-Messenger.debug.xcconfig"; sourceTree = "<group>"; };
		990D8E0D2871940E00647FCB /* Udemy-Messenger.app */ = {isa = PBXFileReference; explicitFileType = wrapper.application; includeInIndex = 0; path = "Udemy-Messenger.app"; sourceTree = BUILT_PRODUCTS_DIR; };
		990D8E102871940E00647FCB /* AppDelegate.swift */ = {isa = PBXFileReference; lastKnownFileType = sourcecode.swift; path = AppDelegate.swift; sourceTree = "<group>"; };
		990D8E122871940E00647FCB /* SceneDelegate.swift */ = {isa = PBXFileReference; lastKnownFileType = sourcecode.swift; path = SceneDelegate.swift; sourceTree = "<group>"; };
		990D8E1A2871940E00647FCB /* Udemy_Messenger.xcdatamodel */ = {isa = PBXFileReference; lastKnownFileType = wrapper.xcdatamodel; path = Udemy_Messenger.xcdatamodel; sourceTree = "<group>"; };
		990D8E1C2871941000647FCB /* Assets.xcassets */ = {isa = PBXFileReference; lastKnownFileType = folder.assetcatalog; path = Assets.xcassets; sourceTree = "<group>"; };
		990D8E1F2871941000647FCB /* Base */ = {isa = PBXFileReference; lastKnownFileType = file.storyboard; name = Base; path = Base.lproj/LaunchScreen.storyboard; sourceTree = "<group>"; };
		990D8E212871941000647FCB /* Info.plist */ = {isa = PBXFileReference; lastKnownFileType = text.plist.xml; path = Info.plist; sourceTree = "<group>"; };
		9913772E28719B3000EA8DD6 /* GoogleService-Info.plist */ = {isa = PBXFileReference; fileEncoding = 4; lastKnownFileType = text.plist.xml; path = "GoogleService-Info.plist"; sourceTree = "<group>"; };
		99D1987528728FAA003A666D /* LoginPresenter.swift */ = {isa = PBXFileReference; lastKnownFileType = sourcecode.swift; path = LoginPresenter.swift; sourceTree = "<group>"; };
		99D1987728728FED003A666D /* LoginModel.swift */ = {isa = PBXFileReference; lastKnownFileType = sourcecode.swift; path = LoginModel.swift; sourceTree = "<group>"; };
		99D198792872913E003A666D /* Constants.swift */ = {isa = PBXFileReference; lastKnownFileType = sourcecode.swift; path = Constants.swift; sourceTree = "<group>"; };
		99D1987C2872998A003A666D /* FbCollectionReference.swift */ = {isa = PBXFileReference; lastKnownFileType = sourcecode.swift; path = FbCollectionReference.swift; sourceTree = "<group>"; };
		99D1987E28729A3D003A666D /* FbUserListener.swift */ = {isa = PBXFileReference; lastKnownFileType = sourcecode.swift; path = FbUserListener.swift; sourceTree = "<group>"; };
		99D198802872ADAD003A666D /* LoginContract.swift */ = {isa = PBXFileReference; lastKnownFileType = sourcecode.swift; path = LoginContract.swift; sourceTree = "<group>"; };
		99D198872872C411003A666D /* RegisterScreen.swift */ = {isa = PBXFileReference; lastKnownFileType = sourcecode.swift; path = RegisterScreen.swift; sourceTree = "<group>"; };
		99D198892872CF84003A666D /* RegisterPresenter.swift */ = {isa = PBXFileReference; lastKnownFileType = sourcecode.swift; path = RegisterPresenter.swift; sourceTree = "<group>"; };
		99D1988B2872CF96003A666D /* RegisterContract.swift */ = {isa = PBXFileReference; lastKnownFileType = sourcecode.swift; path = RegisterContract.swift; sourceTree = "<group>"; };
		99D198922872D35D003A666D /* Extensions+String.swift */ = {isa = PBXFileReference; lastKnownFileType = sourcecode.swift; path = "Extensions+String.swift"; sourceTree = "<group>"; };
		99D198942872D770003A666D /* RegisterModel.swift */ = {isa = PBXFileReference; lastKnownFileType = sourcecode.swift; path = RegisterModel.swift; sourceTree = "<group>"; };
		99FA4BB62871E8FD00F77CF3 /* Main.storyboard */ = {isa = PBXFileReference; lastKnownFileType = file.storyboard; path = Main.storyboard; sourceTree = "<group>"; };
		99FA4BB92871E92700F77CF3 /* LoginScreen.swift */ = {isa = PBXFileReference; lastKnownFileType = sourcecode.swift; path = LoginScreen.swift; sourceTree = "<group>"; };
		99FA4BBB2871ECD900F77CF3 /* MainStoryboardManager.swift */ = {isa = PBXFileReference; lastKnownFileType = sourcecode.swift; path = MainStoryboardManager.swift; sourceTree = "<group>"; };
		A04EF0B1E8C968AF7EF3924F /* Pods_Udemy_Messenger.framework */ = {isa = PBXFileReference; explicitFileType = wrapper.framework; includeInIndex = 0; path = Pods_Udemy_Messenger.framework; sourceTree = BUILT_PRODUCTS_DIR; };
		DDAB56B083E55E9A3F1D0CFC /* Pods-Udemy-Messenger.release.xcconfig */ = {isa = PBXFileReference; includeInIndex = 1; lastKnownFileType = text.xcconfig; name = "Pods-Udemy-Messenger.release.xcconfig"; path = "Target Support Files/Pods-Udemy-Messenger/Pods-Udemy-Messenger.release.xcconfig"; sourceTree = "<group>"; };
/* End PBXFileReference section */

/* Begin PBXFrameworksBuildPhase section */
		990D8E0A2871940E00647FCB /* Frameworks */ = {
			isa = PBXFrameworksBuildPhase;
			buildActionMask = 2147483647;
			files = (
				26162CA37AF050A0DA649E08 /* Pods_Udemy_Messenger.framework in Frameworks */,
			);
			runOnlyForDeploymentPostprocessing = 0;
		};
/* End PBXFrameworksBuildPhase section */

/* Begin PBXGroup section */
		1467EC2448D6D83B07910C5B /* Frameworks */ = {
			isa = PBXGroup;
			children = (
				A04EF0B1E8C968AF7EF3924F /* Pods_Udemy_Messenger.framework */,
			);
			name = Frameworks;
			sourceTree = "<group>";
		};
		990D8E042871940E00647FCB = {
			isa = PBXGroup;
			children = (
				990D8E0F2871940E00647FCB /* Udemy-Messenger */,
				990D8E0E2871940E00647FCB /* Products */,
				F287595D9AF0C71E6688EA0E /* Pods */,
				1467EC2448D6D83B07910C5B /* Frameworks */,
			);
			sourceTree = "<group>";
		};
		990D8E0E2871940E00647FCB /* Products */ = {
			isa = PBXGroup;
			children = (
				990D8E0D2871940E00647FCB /* Udemy-Messenger.app */,
			);
			name = Products;
			sourceTree = "<group>";
		};
		990D8E0F2871940E00647FCB /* Udemy-Messenger */ = {
			isa = PBXGroup;
			children = (
				99FA4BB52871E87900F77CF3 /* Screens */,
				99FA4BB42871E84B00F77CF3 /* Application */,
				99FA4BB32871E77C00F77CF3 /* SupportFiles */,
			);
			path = "Udemy-Messenger";
			sourceTree = "<group>";
		};
		99D1987B28729960003A666D /* FirebaseHelpers */ = {
			isa = PBXGroup;
			children = (
				99D1987C2872998A003A666D /* FbCollectionReference.swift */,
				99D1987E28729A3D003A666D /* FbUserListener.swift */,
			);
			path = FirebaseHelpers;
			sourceTree = "<group>";
		};
		99D198862872B1A3003A666D /* Register */ = {
			isa = PBXGroup;
			children = (
				99D198872872C411003A666D /* RegisterScreen.swift */,
				99D198892872CF84003A666D /* RegisterPresenter.swift */,
				99D1988B2872CF96003A666D /* RegisterContract.swift */,
				99D198942872D770003A666D /* RegisterModel.swift */,
			);
			path = Register;
			sourceTree = "<group>";
		};
		99D198912872D347003A666D /* Extensions */ = {
			isa = PBXGroup;
			children = (
				99D198922872D35D003A666D /* Extensions+String.swift */,
			);
			path = Extensions;
			sourceTree = "<group>";
		};
		99FA4BB32871E77C00F77CF3 /* SupportFiles */ = {
			isa = PBXGroup;
			children = (
				99D198912872D347003A666D /* Extensions */,
				99D1987B28729960003A666D /* FirebaseHelpers */,
				9913772E28719B3000EA8DD6 /* GoogleService-Info.plist */,
				990D8E212871941000647FCB /* Info.plist */,
				990D8E192871940E00647FCB /* Udemy_Messenger.xcdatamodeld */,
				990D8E1C2871941000647FCB /* Assets.xcassets */,
				99D198792872913E003A666D /* Constants.swift */,
			);
			path = SupportFiles;
			sourceTree = "<group>";
		};
		99FA4BB42871E84B00F77CF3 /* Application */ = {
			isa = PBXGroup;
			children = (
				990D8E1E2871941000647FCB /* LaunchScreen.storyboard */,
				990D8E102871940E00647FCB /* AppDelegate.swift */,
				990D8E122871940E00647FCB /* SceneDelegate.swift */,
			);
			path = Application;
			sourceTree = "<group>";
		};
		99FA4BB52871E87900F77CF3 /* Screens */ = {
			isa = PBXGroup;
			children = (
				99D198862872B1A3003A666D /* Register */,
				99FA4BB82871E90400F77CF3 /* Login */,
				99FA4BB62871E8FD00F77CF3 /* Main.storyboard */,
				99FA4BBB2871ECD900F77CF3 /* MainStoryboardManager.swift */,
			);
			path = Screens;
			sourceTree = "<group>";
		};
		99FA4BB82871E90400F77CF3 /* Login */ = {
			isa = PBXGroup;
			children = (
				99FA4BB92871E92700F77CF3 /* LoginScreen.swift */,
				99D1987728728FED003A666D /* LoginModel.swift */,
				99D1987528728FAA003A666D /* LoginPresenter.swift */,
				99D198802872ADAD003A666D /* LoginContract.swift */,
			);
			path = Login;
			sourceTree = "<group>";
		};
		F287595D9AF0C71E6688EA0E /* Pods */ = {
			isa = PBXGroup;
			children = (
				6CB247D3109A78E573CC5F23 /* Pods-Udemy-Messenger.debug.xcconfig */,
				DDAB56B083E55E9A3F1D0CFC /* Pods-Udemy-Messenger.release.xcconfig */,
			);
			path = Pods;
			sourceTree = "<group>";
		};
/* End PBXGroup section */

/* Begin PBXNativeTarget section */
		990D8E0C2871940E00647FCB /* Udemy-Messenger */ = {
			isa = PBXNativeTarget;
			buildConfigurationList = 990D8E242871941000647FCB /* Build configuration list for PBXNativeTarget "Udemy-Messenger" */;
			buildPhases = (
				1C0C2C2036943ECFC5F690D0 /* [CP] Check Pods Manifest.lock */,
				990D8E092871940E00647FCB /* Sources */,
				990D8E0A2871940E00647FCB /* Frameworks */,
				990D8E0B2871940E00647FCB /* Resources */,
				E96EA3A6C7342C9011259053 /* [CP] Embed Pods Frameworks */,
			);
			buildRules = (
			);
			dependencies = (
			);
			name = "Udemy-Messenger";
			productName = "Udemy-Messenger";
			productReference = 990D8E0D2871940E00647FCB /* Udemy-Messenger.app */;
			productType = "com.apple.product-type.application";
		};
/* End PBXNativeTarget section */

/* Begin PBXProject section */
		990D8E052871940E00647FCB /* Project object */ = {
			isa = PBXProject;
			attributes = {
				BuildIndependentTargetsInParallel = 1;
				LastSwiftUpdateCheck = 1320;
				LastUpgradeCheck = 1320;
				TargetAttributes = {
					990D8E0C2871940E00647FCB = {
						CreatedOnToolsVersion = 13.2;
					};
				};
			};
			buildConfigurationList = 990D8E082871940E00647FCB /* Build configuration list for PBXProject "Udemy-Messenger" */;
			compatibilityVersion = "Xcode 13.0";
			developmentRegion = en;
			hasScannedForEncodings = 0;
			knownRegions = (
				en,
				Base,
			);
			mainGroup = 990D8E042871940E00647FCB;
			productRefGroup = 990D8E0E2871940E00647FCB /* Products */;
			projectDirPath = "";
			projectRoot = "";
			targets = (
				990D8E0C2871940E00647FCB /* Udemy-Messenger */,
			);
		};
/* End PBXProject section */

/* Begin PBXResourcesBuildPhase section */
		990D8E0B2871940E00647FCB /* Resources */ = {
			isa = PBXResourcesBuildPhase;
			buildActionMask = 2147483647;
			files = (
				990D8E202871941000647FCB /* LaunchScreen.storyboard in Resources */,
				9913772F28719B3000EA8DD6 /* GoogleService-Info.plist in Resources */,
				990D8E1D2871941000647FCB /* Assets.xcassets in Resources */,
				99FA4BB72871E8FD00F77CF3 /* Main.storyboard in Resources */,
			);
			runOnlyForDeploymentPostprocessing = 0;
		};
/* End PBXResourcesBuildPhase section */

/* Begin PBXShellScriptBuildPhase section */
		1C0C2C2036943ECFC5F690D0 /* [CP] Check Pods Manifest.lock */ = {
			isa = PBXShellScriptBuildPhase;
			buildActionMask = 2147483647;
			files = (
			);
			inputFileListPaths = (
			);
			inputPaths = (
				"${PODS_PODFILE_DIR_PATH}/Podfile.lock",
				"${PODS_ROOT}/Manifest.lock",
			);
			name = "[CP] Check Pods Manifest.lock";
			outputFileListPaths = (
			);
			outputPaths = (
				"$(DERIVED_FILE_DIR)/Pods-Udemy-Messenger-checkManifestLockResult.txt",
			);
			runOnlyForDeploymentPostprocessing = 0;
			shellPath = /bin/sh;
			shellScript = "diff \"${PODS_PODFILE_DIR_PATH}/Podfile.lock\" \"${PODS_ROOT}/Manifest.lock\" > /dev/null\nif [ $? != 0 ] ; then\n    # print error to STDERR\n    echo \"error: The sandbox is not in sync with the Podfile.lock. Run 'pod install' or update your CocoaPods installation.\" >&2\n    exit 1\nfi\n# This output is used by Xcode 'outputs' to avoid re-running this script phase.\necho \"SUCCESS\" > \"${SCRIPT_OUTPUT_FILE_0}\"\n";
			showEnvVarsInLog = 0;
		};
		E96EA3A6C7342C9011259053 /* [CP] Embed Pods Frameworks */ = {
			isa = PBXShellScriptBuildPhase;
			buildActionMask = 2147483647;
			files = (
			);
			inputFileListPaths = (
				"${PODS_ROOT}/Target Support Files/Pods-Udemy-Messenger/Pods-Udemy-Messenger-frameworks-${CONFIGURATION}-input-files.xcfilelist",
			);
			name = "[CP] Embed Pods Frameworks";
			outputFileListPaths = (
				"${PODS_ROOT}/Target Support Files/Pods-Udemy-Messenger/Pods-Udemy-Messenger-frameworks-${CONFIGURATION}-output-files.xcfilelist",
			);
			runOnlyForDeploymentPostprocessing = 0;
			shellPath = /bin/sh;
			shellScript = "\"${PODS_ROOT}/Target Support Files/Pods-Udemy-Messenger/Pods-Udemy-Messenger-frameworks.sh\"\n";
			showEnvVarsInLog = 0;
		};
/* End PBXShellScriptBuildPhase section */

/* Begin PBXSourcesBuildPhase section */
		990D8E092871940E00647FCB /* Sources */ = {
			isa = PBXSourcesBuildPhase;
			buildActionMask = 2147483647;
			files = (
				99D198882872C411003A666D /* RegisterScreen.swift in Sources */,
				99D1987628728FAA003A666D /* LoginPresenter.swift in Sources */,
				99D1987D2872998A003A666D /* FbCollectionReference.swift in Sources */,
				99D1987828728FED003A666D /* LoginModel.swift in Sources */,
				99D198952872D770003A666D /* RegisterModel.swift in Sources */,
				99FA4BBC2871ECD900F77CF3 /* MainStoryboardManager.swift in Sources */,
				990D8E1B2871940E00647FCB /* Udemy_Messenger.xcdatamodeld in Sources */,
				99FA4BBA2871E92700F77CF3 /* LoginScreen.swift in Sources */,
				99D1988A2872CF84003A666D /* RegisterPresenter.swift in Sources */,
				990D8E112871940E00647FCB /* AppDelegate.swift in Sources */,
				99D198812872ADAD003A666D /* LoginContract.swift in Sources */,
				99D1988C2872CF96003A666D /* RegisterContract.swift in Sources */,
				990D8E132871940E00647FCB /* SceneDelegate.swift in Sources */,
				99D1987F28729A3D003A666D /* FbUserListener.swift in Sources */,
				99D1987A2872913E003A666D /* Constants.swift in Sources */,
				99D198932872D35D003A666D /* Extensions+String.swift in Sources */,
			);
			runOnlyForDeploymentPostprocessing = 0;
		};
/* End PBXSourcesBuildPhase section */

/* Begin PBXVariantGroup section */
		990D8E1E2871941000647FCB /* LaunchScreen.storyboard */ = {
			isa = PBXVariantGroup;
			children = (
				990D8E1F2871941000647FCB /* Base */,
			);
			name = LaunchScreen.storyboard;
			sourceTree = "<group>";
		};
/* End PBXVariantGroup section */

/* Begin XCBuildConfiguration section */
		990D8E222871941000647FCB /* Debug */ = {
			isa = XCBuildConfiguration;
			buildSettings = {
				ALWAYS_SEARCH_USER_PATHS = NO;
				CLANG_ANALYZER_NONNULL = YES;
				CLANG_ANALYZER_NUMBER_OBJECT_CONVERSION = YES_AGGRESSIVE;
				CLANG_CXX_LANGUAGE_STANDARD = "gnu++17";
				CLANG_CXX_LIBRARY = "libc++";
				CLANG_ENABLE_MODULES = YES;
				CLANG_ENABLE_OBJC_ARC = YES;
				CLANG_ENABLE_OBJC_WEAK = YES;
				CLANG_WARN_BLOCK_CAPTURE_AUTORELEASING = YES;
				CLANG_WARN_BOOL_CONVERSION = YES;
				CLANG_WARN_COMMA = YES;
				CLANG_WARN_CONSTANT_CONVERSION = YES;
				CLANG_WARN_DEPRECATED_OBJC_IMPLEMENTATIONS = YES;
				CLANG_WARN_DIRECT_OBJC_ISA_USAGE = YES_ERROR;
				CLANG_WARN_DOCUMENTATION_COMMENTS = YES;
				CLANG_WARN_EMPTY_BODY = YES;
				CLANG_WARN_ENUM_CONVERSION = YES;
				CLANG_WARN_INFINITE_RECURSION = YES;
				CLANG_WARN_INT_CONVERSION = YES;
				CLANG_WARN_NON_LITERAL_NULL_CONVERSION = YES;
				CLANG_WARN_OBJC_IMPLICIT_RETAIN_SELF = YES;
				CLANG_WARN_OBJC_LITERAL_CONVERSION = YES;
				CLANG_WARN_OBJC_ROOT_CLASS = YES_ERROR;
				CLANG_WARN_QUOTED_INCLUDE_IN_FRAMEWORK_HEADER = YES;
				CLANG_WARN_RANGE_LOOP_ANALYSIS = YES;
				CLANG_WARN_STRICT_PROTOTYPES = YES;
				CLANG_WARN_SUSPICIOUS_MOVE = YES;
				CLANG_WARN_UNGUARDED_AVAILABILITY = YES_AGGRESSIVE;
				CLANG_WARN_UNREACHABLE_CODE = YES;
				CLANG_WARN__DUPLICATE_METHOD_MATCH = YES;
				COPY_PHASE_STRIP = NO;
				DEBUG_INFORMATION_FORMAT = dwarf;
				ENABLE_STRICT_OBJC_MSGSEND = YES;
				ENABLE_TESTABILITY = YES;
				GCC_C_LANGUAGE_STANDARD = gnu11;
				GCC_DYNAMIC_NO_PIC = NO;
				GCC_NO_COMMON_BLOCKS = YES;
				GCC_OPTIMIZATION_LEVEL = 0;
				GCC_PREPROCESSOR_DEFINITIONS = (
					"DEBUG=1",
					"$(inherited)",
				);
				GCC_WARN_64_TO_32_BIT_CONVERSION = YES;
				GCC_WARN_ABOUT_RETURN_TYPE = YES_ERROR;
				GCC_WARN_UNDECLARED_SELECTOR = YES;
				GCC_WARN_UNINITIALIZED_AUTOS = YES_AGGRESSIVE;
				GCC_WARN_UNUSED_FUNCTION = YES;
				GCC_WARN_UNUSED_VARIABLE = YES;
				IPHONEOS_DEPLOYMENT_TARGET = 15.2;
				MTL_ENABLE_DEBUG_INFO = INCLUDE_SOURCE;
				MTL_FAST_MATH = YES;
				ONLY_ACTIVE_ARCH = YES;
				SDKROOT = iphoneos;
				SWIFT_ACTIVE_COMPILATION_CONDITIONS = DEBUG;
				SWIFT_OPTIMIZATION_LEVEL = "-Onone";
			};
			name = Debug;
		};
		990D8E232871941000647FCB /* Release */ = {
			isa = XCBuildConfiguration;
			buildSettings = {
				ALWAYS_SEARCH_USER_PATHS = NO;
				CLANG_ANALYZER_NONNULL = YES;
				CLANG_ANALYZER_NUMBER_OBJECT_CONVERSION = YES_AGGRESSIVE;
				CLANG_CXX_LANGUAGE_STANDARD = "gnu++17";
				CLANG_CXX_LIBRARY = "libc++";
				CLANG_ENABLE_MODULES = YES;
				CLANG_ENABLE_OBJC_ARC = YES;
				CLANG_ENABLE_OBJC_WEAK = YES;
				CLANG_WARN_BLOCK_CAPTURE_AUTORELEASING = YES;
				CLANG_WARN_BOOL_CONVERSION = YES;
				CLANG_WARN_COMMA = YES;
				CLANG_WARN_CONSTANT_CONVERSION = YES;
				CLANG_WARN_DEPRECATED_OBJC_IMPLEMENTATIONS = YES;
				CLANG_WARN_DIRECT_OBJC_ISA_USAGE = YES_ERROR;
				CLANG_WARN_DOCUMENTATION_COMMENTS = YES;
				CLANG_WARN_EMPTY_BODY = YES;
				CLANG_WARN_ENUM_CONVERSION = YES;
				CLANG_WARN_INFINITE_RECURSION = YES;
				CLANG_WARN_INT_CONVERSION = YES;
				CLANG_WARN_NON_LITERAL_NULL_CONVERSION = YES;
				CLANG_WARN_OBJC_IMPLICIT_RETAIN_SELF = YES;
				CLANG_WARN_OBJC_LITERAL_CONVERSION = YES;
				CLANG_WARN_OBJC_ROOT_CLASS = YES_ERROR;
				CLANG_WARN_QUOTED_INCLUDE_IN_FRAMEWORK_HEADER = YES;
				CLANG_WARN_RANGE_LOOP_ANALYSIS = YES;
				CLANG_WARN_STRICT_PROTOTYPES = YES;
				CLANG_WARN_SUSPICIOUS_MOVE = YES;
				CLANG_WARN_UNGUARDED_AVAILABILITY = YES_AGGRESSIVE;
				CLANG_WARN_UNREACHABLE_CODE = YES;
				CLANG_WARN__DUPLICATE_METHOD_MATCH = YES;
				COPY_PHASE_STRIP = NO;
				DEBUG_INFORMATION_FORMAT = "dwarf-with-dsym";
				ENABLE_NS_ASSERTIONS = NO;
				ENABLE_STRICT_OBJC_MSGSEND = YES;
				GCC_C_LANGUAGE_STANDARD = gnu11;
				GCC_NO_COMMON_BLOCKS = YES;
				GCC_WARN_64_TO_32_BIT_CONVERSION = YES;
				GCC_WARN_ABOUT_RETURN_TYPE = YES_ERROR;
				GCC_WARN_UNDECLARED_SELECTOR = YES;
				GCC_WARN_UNINITIALIZED_AUTOS = YES_AGGRESSIVE;
				GCC_WARN_UNUSED_FUNCTION = YES;
				GCC_WARN_UNUSED_VARIABLE = YES;
				IPHONEOS_DEPLOYMENT_TARGET = 15.2;
				MTL_ENABLE_DEBUG_INFO = NO;
				MTL_FAST_MATH = YES;
				SDKROOT = iphoneos;
				SWIFT_COMPILATION_MODE = wholemodule;
				SWIFT_OPTIMIZATION_LEVEL = "-O";
				VALIDATE_PRODUCT = YES;
			};
			name = Release;
		};
		990D8E252871941000647FCB /* Debug */ = {
			isa = XCBuildConfiguration;
			baseConfigurationReference = 6CB247D3109A78E573CC5F23 /* Pods-Udemy-Messenger.debug.xcconfig */;
			buildSettings = {
				ASSETCATALOG_COMPILER_APPICON_NAME = AppIcon;
				ASSETCATALOG_COMPILER_GLOBAL_ACCENT_COLOR_NAME = AccentColor;
				CODE_SIGN_STYLE = Automatic;
				CURRENT_PROJECT_VERSION = 1;
				DEVELOPMENT_TEAM = 678Z7S5FB3;
				GENERATE_INFOPLIST_FILE = YES;
				INFOPLIST_FILE = "Udemy-Messenger/SupportFiles/Info.plist";
				INFOPLIST_KEY_UIApplicationSupportsIndirectInputEvents = YES;
				INFOPLIST_KEY_UILaunchStoryboardName = LaunchScreen;
				INFOPLIST_KEY_UISupportedInterfaceOrientations_iPad = "UIInterfaceOrientationPortrait UIInterfaceOrientationPortraitUpsideDown UIInterfaceOrientationLandscapeLeft UIInterfaceOrientationLandscapeRight";
				INFOPLIST_KEY_UISupportedInterfaceOrientations_iPhone = "UIInterfaceOrientationPortrait UIInterfaceOrientationLandscapeLeft UIInterfaceOrientationLandscapeRight";
				IPHONEOS_DEPLOYMENT_TARGET = 15.2;
				LD_RUNPATH_SEARCH_PATHS = (
					"$(inherited)",
					"@executable_path/Frameworks",
				);
				MARKETING_VERSION = 1.0;
				PRODUCT_BUNDLE_IDENTIFIER = "com.theln.Udemy-Messenger";
				PRODUCT_NAME = "$(TARGET_NAME)";
				SWIFT_EMIT_LOC_STRINGS = YES;
				SWIFT_VERSION = 5.0;
				TARGETED_DEVICE_FAMILY = "1,2";
			};
			name = Debug;
		};
		990D8E262871941000647FCB /* Release */ = {
			isa = XCBuildConfiguration;
			baseConfigurationReference = DDAB56B083E55E9A3F1D0CFC /* Pods-Udemy-Messenger.release.xcconfig */;
			buildSettings = {
				ASSETCATALOG_COMPILER_APPICON_NAME = AppIcon;
				ASSETCATALOG_COMPILER_GLOBAL_ACCENT_COLOR_NAME = AccentColor;
				CODE_SIGN_STYLE = Automatic;
				CURRENT_PROJECT_VERSION = 1;
				DEVELOPMENT_TEAM = 678Z7S5FB3;
				GENERATE_INFOPLIST_FILE = YES;
				INFOPLIST_FILE = "Udemy-Messenger/SupportFiles/Info.plist";
				INFOPLIST_KEY_UIApplicationSupportsIndirectInputEvents = YES;
				INFOPLIST_KEY_UILaunchStoryboardName = LaunchScreen;
				INFOPLIST_KEY_UISupportedInterfaceOrientations_iPad = "UIInterfaceOrientationPortrait UIInterfaceOrientationPortraitUpsideDown UIInterfaceOrientationLandscapeLeft UIInterfaceOrientationLandscapeRight";
				INFOPLIST_KEY_UISupportedInterfaceOrientations_iPhone = "UIInterfaceOrientationPortrait UIInterfaceOrientationLandscapeLeft UIInterfaceOrientationLandscapeRight";
				IPHONEOS_DEPLOYMENT_TARGET = 15.2;
				LD_RUNPATH_SEARCH_PATHS = (
					"$(inherited)",
					"@executable_path/Frameworks",
				);
				MARKETING_VERSION = 1.0;
				PRODUCT_BUNDLE_IDENTIFIER = "com.theln.Udemy-Messenger";
				PRODUCT_NAME = "$(TARGET_NAME)";
				SWIFT_EMIT_LOC_STRINGS = YES;
				SWIFT_VERSION = 5.0;
				TARGETED_DEVICE_FAMILY = "1,2";
			};
			name = Release;
		};
/* End XCBuildConfiguration section */

/* Begin XCConfigurationList section */
		990D8E082871940E00647FCB /* Build configuration list for PBXProject "Udemy-Messenger" */ = {
			isa = XCConfigurationList;
			buildConfigurations = (
				990D8E222871941000647FCB /* Debug */,
				990D8E232871941000647FCB /* Release */,
			);
			defaultConfigurationIsVisible = 0;
			defaultConfigurationName = Release;
		};
		990D8E242871941000647FCB /* Build configuration list for PBXNativeTarget "Udemy-Messenger" */ = {
			isa = XCConfigurationList;
			buildConfigurations = (
				990D8E252871941000647FCB /* Debug */,
				990D8E262871941000647FCB /* Release */,
			);
			defaultConfigurationIsVisible = 0;
			defaultConfigurationName = Release;
		};
/* End XCConfigurationList section */

/* Begin XCVersionGroup section */
		990D8E192871940E00647FCB /* Udemy_Messenger.xcdatamodeld */ = {
			isa = XCVersionGroup;
			children = (
				990D8E1A2871940E00647FCB /* Udemy_Messenger.xcdatamodel */,
			);
			currentVersion = 990D8E1A2871940E00647FCB /* Udemy_Messenger.xcdatamodel */;
			path = Udemy_Messenger.xcdatamodeld;
			sourceTree = "<group>";
			versionGroupType = wrapper.xcdatamodel;
		};
/* End XCVersionGroup section */
	};
	rootObject = 990D8E052871940E00647FCB /* Project object */;
}
